<?xml version="1.0" encoding="utf-8"?>
<Project ToolsVersion="4.0" xmlns="http://schemas.microsoft.com/developer/msbuild/2003">
  <ItemGroup>
    <Filter Include="Source Files">
      <UniqueIdentifier>{4FC737F1-C7A5-4376-A066-2A32D752A2FF}</UniqueIdentifier>
      <Extensions>cpp;c;cc;cxx;def;odl;idl;hpj;bat;asm;asmx</Extensions>
    </Filter>
    <Filter Include="Header Files">
      <UniqueIdentifier>{93995380-89BD-4b04-88EB-625FBE52EBFB}</UniqueIdentifier>
      <Extensions>h;hh;hpp;hxx;hm;inl;inc;xsd</Extensions>
    </Filter>
    <Filter Include="Resource Files">
      <UniqueIdentifier>{67DA6AB6-F800-4c08-8B7A-83BB121AAD01}</UniqueIdentifier>
      <Extensions>rc;ico;cur;bmp;dlg;rc2;rct;bin;rgs;gif;jpg;jpeg;jpe;resx;tiff;tif;png;wav;mfcribbon-ms</Extensions>
    </Filter>
    <Filter Include="Header Files\component">
      <UniqueIdentifier>{d004d301-1028-4d78-9111-bf1b529ca433}</UniqueIdentifier>
    </Filter>
    <Filter Include="Source Files\component">
      <UniqueIdentifier>{c97254c1-a0cc-458b-8895-9f2decbeebb6}</UniqueIdentifier>
    </Filter>
  </ItemGroup>
  <ItemGroup>
    <ClInclude Include="IComponent.hpp">
      <Filter>Header Files</Filter>
    </ClInclude>
    <ClInclude Include="GraphicUserInterfaceView.hpp">
      <Filter>Header Files</Filter>
    </ClInclude>
    <ClInclude Include="Rectangle.hpp">
      <Filter>Header Files</Filter>
    </ClInclude>
    <ClInclude Include="components\Button.hpp">
      <Filter>Header Files\component</Filter>
    </ClInclude>
    <ClInclude Include="components\Component.hpp">
      <Filter>Header Files\component</Filter>
    </ClInclude>
    <ClInclude Include="Colours.hpp">
      <Filter>Header Files</Filter>
    </ClInclude>
    <ClInclude Include="View.hpp">
      <Filter>Header Files</Filter>
    </ClInclude>
    <ClInclude Include="components\TextLabel.hpp">
      <Filter>Header Files\component</Filter>
    </ClInclude>
    <ClInclude Include="components\TextBasedComponent.hpp">
      <Filter>Header Files\component</Filter>
    </ClInclude>
    <ClInclude Include="components\Container.hpp">
      <Filter>Header Files\component</Filter>
    </ClInclude>
    <ClInclude Include="components\ClickableComponent.hpp">
      <Filter>Header Files\component</Filter>
    </ClInclude>
    <ClInclude Include="components\SDLEventHandler.hpp">
      <Filter>Header Files\component</Filter>
    </ClInclude>
    <ClInclude Include="components\TextInput.hpp">
      <Filter>Header Files\component</Filter>
    </ClInclude>
    <ClInclude Include="components\ScrollPane.hpp">
      <Filter>Header Files\component</Filter>
    </ClInclude>
    <ClInclude Include="components\ImageLabel.hpp">
      <Filter>Header Files\component</Filter>
    </ClInclude>
    <ClInclude Include="components\Spinner.hpp">
      <Filter>Header Files\component</Filter>
    </ClInclude>
    <ClInclude Include="components\TickBox.hpp">
      <Filter>Header Files\component</Filter>
    </ClInclude>
    <ClInclude Include="components\NumberSpinner.hpp">
      <Filter>Header Files\component</Filter>
    </ClInclude>
    <ClInclude Include="Point.hpp">
      <Filter>Header Files</Filter>
    </ClInclude>
  </ItemGroup>
  <ItemGroup>
    <ClCompile Include="GraphicUserInterfaceView.cpp">
      <Filter>Source Files</Filter>
    </ClCompile>
    <ClCompile Include="Rectangle.cpp">
      <Filter>Source Files</Filter>
    </ClCompile>
    <ClCompile Include="components\Button.cpp">
      <Filter>Source Files\component</Filter>
    </ClCompile>
    <ClCompile Include="components\Component.cpp">
      <Filter>Source Files\component</Filter>
    </ClCompile>
    <ClCompile Include="Colours.cpp">
      <Filter>Source Files</Filter>
    </ClCompile>
    <ClCompile Include="View.cpp">
      <Filter>Source Files</Filter>
    </ClCompile>
    <ClCompile Include="components\TextLabel.cpp">
      <Filter>Source Files\component</Filter>
    </ClCompile>
    <ClCompile Include="components\TextBasedComponent.cpp">
      <Filter>Source Files\component</Filter>
    </ClCompile>
    <ClCompile Include="components\Container.cpp">
      <Filter>Source Files\component</Filter>
    </ClCompile>
    <ClCompile Include="components\ClickableComponent.cpp">
      <Filter>Source Files\component</Filter>
    </ClCompile>
    <ClCompile Include="components\TextInput.cpp">
      <Filter>Source Files\component</Filter>
    </ClCompile>
    <ClCompile Include="components\ScrollPane.cpp">
      <Filter>Source Files\component</Filter>
    </ClCompile>
    <ClCompile Include="components\ImageLabel.cpp">
      <Filter>Source Files\component</Filter>
    </ClCompile>
    <ClCompile Include="components\Spinner.cpp">
      <Filter>Source Files\component</Filter>
    </ClCompile>
    <ClCompile Include="components\TickBox.cpp">
      <Filter>Source Files\component</Filter>
    </ClCompile>
    <ClCompile Include="components\NumberSpinner.cpp">
      <Filter>Source Files\component</Filter>
    </ClCompile>
    <ClCompile Include="Point.cpp">
      <Filter>Source Files</Filter>
    </ClCompile>
  </ItemGroup>
  <ItemGroup>
    <Font Include="Roboto-Medium.ttf" />
  </ItemGroup>
</Project>